{
  "name": "MG",
  "lockfileVersion": 2,
  "requires": true,
  "packages": {
    "": {
      "dependencies": {
        "layui": "^2.6.11"
      }
    },
    "node_modules/layui": {
      "version": "2.6.11",
      "resolved": "https://registry.npmjs.org/layui/-/layui-2.6.11.tgz",
      "integrity": "sha512-fAuCFusopaWR5q7nQzvxk2wRswW9Fu59M2AUq221yo6H650rP1uCMCD5OhiJYr00nYDZem2Co3inftJe4BQjmQ=="
    }
  },
  "dependencies": {
    "layui": {
      "version": "2.6.11",
      "resolved": "https://registry.npmjs.org/layui/-/layui-2.6.11.tgz",
      "integrity": "sha512-fAuCFusopaWR5q7nQzvxk2wRswW9Fu59M2AUq221yo6H650rP1uCMCD5OhiJYr00nYDZem2Co3inftJe4BQjmQ=="
    }
  }
}
